// !$*UTF8*$!
{
	archiveVersion = 1;
	classes = {
	};
	objectVersion = 56;
	objects = {

/* Begin PBXBuildFile section */
		DA202E9C2A124C7A00B342B7 /* TabBar.swift in Sources */ = {isa = PBXBuildFile; fileRef = DA202E9B2A124C7A00B342B7 /* TabBar.swift */; };
		DA202E9E2A125A6F00B342B7 /* OrdersView.swift in Sources */ = {isa = PBXBuildFile; fileRef = DA202E9D2A125A6F00B342B7 /* OrdersView.swift */; };
		DA202EA22A126FF700B342B7 /* CarView.swift in Sources */ = {isa = PBXBuildFile; fileRef = DA202EA12A126FF700B342B7 /* CarView.swift */; };
		DA2624682A150FEC00A7CA32 /* SettingsView.swift in Sources */ = {isa = PBXBuildFile; fileRef = DA2624672A150FEC00A7CA32 /* SettingsView.swift */; };
		DA2DA3062A2E582300CF2485 /* VerificationCountDownTimerView.swift in Sources */ = {isa = PBXBuildFile; fileRef = DA2DA3052A2E582300CF2485 /* VerificationCountDownTimerView.swift */; };
		DA2DA3082A2E7E1400CF2485 /* VpnView.swift in Sources */ = {isa = PBXBuildFile; fileRef = DA2DA3072A2E7E1400CF2485 /* VpnView.swift */; };
		DA5FC9C62A25E63F00ADAD94 /* PriceCalculatorView.swift in Sources */ = {isa = PBXBuildFile; fileRef = DA5FC9C52A25E63F00ADAD94 /* PriceCalculatorView.swift */; };
		DA7C07AC2A36FF0F009A4FCB /* CarModel.swift in Sources */ = {isa = PBXBuildFile; fileRef = DA7C07AB2A36FF0F009A4FCB /* CarModel.swift */; };
		DA7C07AE2A36FF83009A4FCB /* GetAllCarsAPIController.swift in Sources */ = {isa = PBXBuildFile; fileRef = DA7C07AD2A36FF83009A4FCB /* GetAllCarsAPIController.swift */; };
		DA80D4102A015D6200260E00 /* CarRentalServiceApp.swift in Sources */ = {isa = PBXBuildFile; fileRef = DA80D40F2A015D6200260E00 /* CarRentalServiceApp.swift */; };
		DA80D4122A015D6200260E00 /* ContentView.swift in Sources */ = {isa = PBXBuildFile; fileRef = DA80D4112A015D6200260E00 /* ContentView.swift */; };
		DA80D4142A015D6400260E00 /* Assets.xcassets in Resources */ = {isa = PBXBuildFile; fileRef = DA80D4132A015D6400260E00 /* Assets.xcassets */; };
		DA80D4172A015D6400260E00 /* Preview Assets.xcassets in Resources */ = {isa = PBXBuildFile; fileRef = DA80D4162A015D6400260E00 /* Preview Assets.xcassets */; };
		DA80D41E2A015DA500260E00 /* PhoneNumberLoginView.swift in Sources */ = {isa = PBXBuildFile; fileRef = DA80D41D2A015DA500260E00 /* PhoneNumberLoginView.swift */; };
		DAA717022A4C3AAE00ED03CD /* CarsView.swift in Sources */ = {isa = PBXBuildFile; fileRef = DAA717012A4C3AAE00ED03CD /* CarsView.swift */; };
		DAFE91142A01814400CFBA44 /* OTPVerificationView.swift in Sources */ = {isa = PBXBuildFile; fileRef = DAFE91132A01814400CFBA44 /* OTPVerificationView.swift */; };
		DAFE91162A018B9D00CFBA44 /* CarsListView.swift in Sources */ = {isa = PBXBuildFile; fileRef = DAFE91152A018B9D00CFBA44 /* CarsListView.swift */; };
		DAFE91182A01972B00CFBA44 /* GetOPTCodeAPIController.swift in Sources */ = {isa = PBXBuildFile; fileRef = DAFE91172A01972B00CFBA44 /* GetOPTCodeAPIController.swift */; };
/* End PBXBuildFile section */

/* Begin PBXFileReference section */
		DA202E9B2A124C7A00B342B7 /* TabBar.swift */ = {isa = PBXFileReference; lastKnownFileType = sourcecode.swift; path = TabBar.swift; sourceTree = "<group>"; };
		DA202E9D2A125A6F00B342B7 /* OrdersView.swift */ = {isa = PBXFileReference; lastKnownFileType = sourcecode.swift; path = OrdersView.swift; sourceTree = "<group>"; };
		DA202EA12A126FF700B342B7 /* CarView.swift */ = {isa = PBXFileReference; lastKnownFileType = sourcecode.swift; path = CarView.swift; sourceTree = "<group>"; };
		DA2624672A150FEC00A7CA32 /* SettingsView.swift */ = {isa = PBXFileReference; lastKnownFileType = sourcecode.swift; path = SettingsView.swift; sourceTree = "<group>"; };
		DA2DA3052A2E582300CF2485 /* VerificationCountDownTimerView.swift */ = {isa = PBXFileReference; lastKnownFileType = sourcecode.swift; path = VerificationCountDownTimerView.swift; sourceTree = "<group>"; };
		DA2DA3072A2E7E1400CF2485 /* VpnView.swift */ = {isa = PBXFileReference; lastKnownFileType = sourcecode.swift; path = VpnView.swift; sourceTree = "<group>"; };
		DA5FC9C52A25E63F00ADAD94 /* PriceCalculatorView.swift */ = {isa = PBXFileReference; lastKnownFileType = sourcecode.swift; path = PriceCalculatorView.swift; sourceTree = "<group>"; };
		DA7C07AB2A36FF0F009A4FCB /* CarModel.swift */ = {isa = PBXFileReference; lastKnownFileType = sourcecode.swift; path = CarModel.swift; sourceTree = "<group>"; };
		DA7C07AD2A36FF83009A4FCB /* GetAllCarsAPIController.swift */ = {isa = PBXFileReference; lastKnownFileType = sourcecode.swift; path = GetAllCarsAPIController.swift; sourceTree = "<group>"; };
		DA80D40C2A015D6200260E00 /* CarRentalService.app */ = {isa = PBXFileReference; explicitFileType = wrapper.application; includeInIndex = 0; path = CarRentalService.app; sourceTree = BUILT_PRODUCTS_DIR; };
		DA80D40F2A015D6200260E00 /* CarRentalServiceApp.swift */ = {isa = PBXFileReference; lastKnownFileType = sourcecode.swift; path = CarRentalServiceApp.swift; sourceTree = "<group>"; };
		DA80D4112A015D6200260E00 /* ContentView.swift */ = {isa = PBXFileReference; lastKnownFileType = sourcecode.swift; path = ContentView.swift; sourceTree = "<group>"; };
		DA80D4132A015D6400260E00 /* Assets.xcassets */ = {isa = PBXFileReference; lastKnownFileType = folder.assetcatalog; path = Assets.xcassets; sourceTree = "<group>"; };
		DA80D4162A015D6400260E00 /* Preview Assets.xcassets */ = {isa = PBXFileReference; lastKnownFileType = folder.assetcatalog; path = "Preview Assets.xcassets"; sourceTree = "<group>"; };
		DA80D41D2A015DA500260E00 /* PhoneNumberLoginView.swift */ = {isa = PBXFileReference; lastKnownFileType = sourcecode.swift; path = PhoneNumberLoginView.swift; sourceTree = "<group>"; };
		DAA717012A4C3AAE00ED03CD /* CarsView.swift */ = {isa = PBXFileReference; lastKnownFileType = sourcecode.swift; path = CarsView.swift; sourceTree = "<group>"; };
		DAFE91132A01814400CFBA44 /* OTPVerificationView.swift */ = {isa = PBXFileReference; lastKnownFileType = sourcecode.swift; path = OTPVerificationView.swift; sourceTree = "<group>"; };
		DAFE91152A018B9D00CFBA44 /* CarsListView.swift */ = {isa = PBXFileReference; lastKnownFileType = sourcecode.swift; path = CarsListView.swift; sourceTree = "<group>"; };
		DAFE91172A01972B00CFBA44 /* GetOPTCodeAPIController.swift */ = {isa = PBXFileReference; lastKnownFileType = sourcecode.swift; path = GetOPTCodeAPIController.swift; sourceTree = "<group>"; };
/* End PBXFileReference section */

/* Begin PBXFrameworksBuildPhase section */
		DA80D4092A015D6200260E00 /* Frameworks */ = {
			isa = PBXFrameworksBuildPhase;
			buildActionMask = 2147483647;
			files = (
			);
			runOnlyForDeploymentPostprocessing = 0;
		};
/* End PBXFrameworksBuildPhase section */

/* Begin PBXGroup section */
		DA80D4032A015D6200260E00 = {
			isa = PBXGroup;
			children = (
				DA80D40E2A015D6200260E00 /* CarRentalService */,
				DA80D40D2A015D6200260E00 /* Products */,
			);
			sourceTree = "<group>";
		};
		DA80D40D2A015D6200260E00 /* Products */ = {
			isa = PBXGroup;
			children = (
				DA80D40C2A015D6200260E00 /* CarRentalService.app */,
			);
			name = Products;
			sourceTree = "<group>";
		};
		DA80D40E2A015D6200260E00 /* CarRentalService */ = {
			isa = PBXGroup;
			children = (
				DA80D40F2A015D6200260E00 /* CarRentalServiceApp.swift */,
				DA80D4112A015D6200260E00 /* ContentView.swift */,
				DA80D41D2A015DA500260E00 /* PhoneNumberLoginView.swift */,
				DAFE91132A01814400CFBA44 /* OTPVerificationView.swift */,
				DAFE91152A018B9D00CFBA44 /* CarsListView.swift */,
				DA202E9B2A124C7A00B342B7 /* TabBar.swift */,
				DA202E9D2A125A6F00B342B7 /* OrdersView.swift */,
				DA202EA12A126FF700B342B7 /* CarView.swift */,
				DA2624672A150FEC00A7CA32 /* SettingsView.swift */,
				DA5FC9C52A25E63F00ADAD94 /* PriceCalculatorView.swift */,
				DAFE91172A01972B00CFBA44 /* GetOPTCodeAPIController.swift */,
				DA80D4132A015D6400260E00 /* Assets.xcassets */,
				DA80D4152A015D6400260E00 /* Preview Content */,
				DA2DA3052A2E582300CF2485 /* VerificationCountDownTimerView.swift */,
				DA2DA3072A2E7E1400CF2485 /* VpnView.swift */,
				DA7C07AB2A36FF0F009A4FCB /* CarModel.swift */,
				DA7C07AD2A36FF83009A4FCB /* GetAllCarsAPIController.swift */,
				DAA717012A4C3AAE00ED03CD /* CarsView.swift */,
			);
			path = CarRentalService;
			sourceTree = "<group>";
		};
		DA80D4152A015D6400260E00 /* Preview Content */ = {
			isa = PBXGroup;
			children = (
				DA80D4162A015D6400260E00 /* Preview Assets.xcassets */,
			);
			path = "Preview Content";
			sourceTree = "<group>";
		};
/* End PBXGroup section */

/* Begin PBXNativeTarget section */
		DA80D40B2A015D6200260E00 /* CarRentalService */ = {
			isa = PBXNativeTarget;
			buildConfigurationList = DA80D41A2A015D6400260E00 /* Build configuration list for PBXNativeTarget "CarRentalService" */;
			buildPhases = (
				DA80D4082A015D6200260E00 /* Sources */,
				DA80D4092A015D6200260E00 /* Frameworks */,
				DA80D40A2A015D6200260E00 /* Resources */,
			);
			buildRules = (
			);
			dependencies = (
			);
			name = CarRentalService;
			productName = CarRentalService;
			productReference = DA80D40C2A015D6200260E00 /* CarRentalService.app */;
			productType = "com.apple.product-type.application";
		};
/* End PBXNativeTarget section */

/* Begin PBXProject section */
		DA80D4042A015D6200260E00 /* Project object */ = {
			isa = PBXProject;
			attributes = {
				BuildIndependentTargetsInParallel = 1;
				LastSwiftUpdateCheck = 1430;
				LastUpgradeCheck = 1430;
				TargetAttributes = {
					DA80D40B2A015D6200260E00 = {
						CreatedOnToolsVersion = 14.3;
					};
				};
			};
			buildConfigurationList = DA80D4072A015D6200260E00 /* Build configuration list for PBXProject "CarRentalService" */;
			compatibilityVersion = "Xcode 14.0";
			developmentRegion = en;
			hasScannedForEncodings = 0;
			knownRegions = (
				en,
				Base,
			);
			mainGroup = DA80D4032A015D6200260E00;
			productRefGroup = DA80D40D2A015D6200260E00 /* Products */;
			projectDirPath = "";
			projectRoot = "";
			targets = (
				DA80D40B2A015D6200260E00 /* CarRentalService */,
			);
		};
/* End PBXProject section */

/* Begin PBXResourcesBuildPhase section */
		DA80D40A2A015D6200260E00 /* Resources */ = {
			isa = PBXResourcesBuildPhase;
			buildActionMask = 2147483647;
			files = (
				DA80D4172A015D6400260E00 /* Preview Assets.xcassets in Resources */,
				DA80D4142A015D6400260E00 /* Assets.xcassets in Resources */,
			);
			runOnlyForDeploymentPostprocessing = 0;
		};
/* End PBXResourcesBuildPhase section */

/* Begin PBXSourcesBuildPhase section */
		DA80D4082A015D6200260E00 /* Sources */ = {
			isa = PBXSourcesBuildPhase;
			buildActionMask = 2147483647;
			files = (
				DA5FC9C62A25E63F00ADAD94 /* PriceCalculatorView.swift in Sources */,
				DA2DA3082A2E7E1400CF2485 /* VpnView.swift in Sources */,
				DAFE91182A01972B00CFBA44 /* GetOPTCodeAPIController.swift in Sources */,
				DAFE91142A01814400CFBA44 /* OTPVerificationView.swift in Sources */,
				DA202EA22A126FF700B342B7 /* CarView.swift in Sources */,
				DA7C07AE2A36FF83009A4FCB /* GetAllCarsAPIController.swift in Sources */,
				DA80D4122A015D6200260E00 /* ContentView.swift in Sources */,
				DA7C07AC2A36FF0F009A4FCB /* CarModel.swift in Sources */,
				DA80D4102A015D6200260E00 /* CarRentalServiceApp.swift in Sources */,
				DAFE91162A018B9D00CFBA44 /* CarsListView.swift in Sources */,
				DA80D41E2A015DA500260E00 /* PhoneNumberLoginView.swift in Sources */,
				DA202E9C2A124C7A00B342B7 /* TabBar.swift in Sources */,
				DAA717022A4C3AAE00ED03CD /* CarsView.swift in Sources */,
				DA202E9E2A125A6F00B342B7 /* OrdersView.swift in Sources */,
				DA2624682A150FEC00A7CA32 /* SettingsView.swift in Sources */,
				DA2DA3062A2E582300CF2485 /* VerificationCountDownTimerView.swift in Sources */,
			);
			runOnlyForDeploymentPostprocessing = 0;
		};
/* End PBXSourcesBuildPhase section */

/* Begin XCBuildConfiguration section */
		DA80D4182A015D6400260E00 /* Debug */ = {
			isa = XCBuildConfiguration;
			buildSettings = {
				ALWAYS_SEARCH_USER_PATHS = NO;
				CLANG_ANALYZER_NONNULL = YES;
				CLANG_ANALYZER_NUMBER_OBJECT_CONVERSION = YES_AGGRESSIVE;
				CLANG_CXX_LANGUAGE_STANDARD = "gnu++20";
				CLANG_ENABLE_MODULES = YES;
				CLANG_ENABLE_OBJC_ARC = YES;
				CLANG_ENABLE_OBJC_WEAK = YES;
				CLANG_WARN_BLOCK_CAPTURE_AUTORELEASING = YES;
				CLANG_WARN_BOOL_CONVERSION = YES;
				CLANG_WARN_COMMA = YES;
				CLANG_WARN_CONSTANT_CONVERSION = YES;
				CLANG_WARN_DEPRECATED_OBJC_IMPLEMENTATIONS = YES;
				CLANG_WARN_DIRECT_OBJC_ISA_USAGE = YES_ERROR;
				CLANG_WARN_DOCUMENTATION_COMMENTS = YES;
				CLANG_WARN_EMPTY_BODY = YES;
				CLANG_WARN_ENUM_CONVERSION = YES;
				CLANG_WARN_INFINITE_RECURSION = YES;
				CLANG_WARN_INT_CONVERSION = YES;
				CLANG_WARN_NON_LITERAL_NULL_CONVERSION = YES;
				CLANG_WARN_OBJC_IMPLICIT_RETAIN_SELF = YES;
				CLANG_WARN_OBJC_LITERAL_CONVERSION = YES;
				CLANG_WARN_OBJC_ROOT_CLASS = YES_ERROR;
				CLANG_WARN_QUOTED_INCLUDE_IN_FRAMEWORK_HEADER = YES;
				CLANG_WARN_RANGE_LOOP_ANALYSIS = YES;
				CLANG_WARN_STRICT_PROTOTYPES = YES;
				CLANG_WARN_SUSPICIOUS_MOVE = YES;
				CLANG_WARN_UNGUARDED_AVAILABILITY = YES_AGGRESSIVE;
				CLANG_WARN_UNREACHABLE_CODE = YES;
				CLANG_WARN__DUPLICATE_METHOD_MATCH = YES;
				COPY_PHASE_STRIP = NO;
				DEBUG_INFORMATION_FORMAT = dwarf;
				ENABLE_STRICT_OBJC_MSGSEND = YES;
				ENABLE_TESTABILITY = YES;
				GCC_C_LANGUAGE_STANDARD = gnu11;
				GCC_DYNAMIC_NO_PIC = NO;
				GCC_NO_COMMON_BLOCKS = YES;
				GCC_OPTIMIZATION_LEVEL = 0;
				GCC_PREPROCESSOR_DEFINITIONS = (
					"DEBUG=1",
					"$(inherited)",
				);
				GCC_WARN_64_TO_32_BIT_CONVERSION = YES;
				GCC_WARN_ABOUT_RETURN_TYPE = YES_ERROR;
				GCC_WARN_UNDECLARED_SELECTOR = YES;
				GCC_WARN_UNINITIALIZED_AUTOS = YES_AGGRESSIVE;
				GCC_WARN_UNUSED_FUNCTION = YES;
				GCC_WARN_UNUSED_VARIABLE = YES;
				IPHONEOS_DEPLOYMENT_TARGET = 16.4;
				MTL_ENABLE_DEBUG_INFO = INCLUDE_SOURCE;
				MTL_FAST_MATH = YES;
				ONLY_ACTIVE_ARCH = YES;
				SDKROOT = iphoneos;
				SWIFT_ACTIVE_COMPILATION_CONDITIONS = DEBUG;
				SWIFT_OPTIMIZATION_LEVEL = "-Onone";
			};
			name = Debug;
		};
		DA80D4192A015D6400260E00 /* Release */ = {
			isa = XCBuildConfiguration;
			buildSettings = {
				ALWAYS_SEARCH_USER_PATHS = NO;
				CLANG_ANALYZER_NONNULL = YES;
				CLANG_ANALYZER_NUMBER_OBJECT_CONVERSION = YES_AGGRESSIVE;
				CLANG_CXX_LANGUAGE_STANDARD = "gnu++20";
				CLANG_ENABLE_MODULES = YES;
				CLANG_ENABLE_OBJC_ARC = YES;
				CLANG_ENABLE_OBJC_WEAK = YES;
				CLANG_WARN_BLOCK_CAPTURE_AUTORELEASING = YES;
				CLANG_WARN_BOOL_CONVERSION = YES;
				CLANG_WARN_COMMA = YES;
				CLANG_WARN_CONSTANT_CONVERSION = YES;
				CLANG_WARN_DEPRECATED_OBJC_IMPLEMENTATIONS = YES;
				CLANG_WARN_DIRECT_OBJC_ISA_USAGE = YES_ERROR;
				CLANG_WARN_DOCUMENTATION_COMMENTS = YES;
				CLANG_WARN_EMPTY_BODY = YES;
				CLANG_WARN_ENUM_CONVERSION = YES;
				CLANG_WARN_INFINITE_RECURSION = YES;
				CLANG_WARN_INT_CONVERSION = YES;
				CLANG_WARN_NON_LITERAL_NULL_CONVERSION = YES;
				CLANG_WARN_OBJC_IMPLICIT_RETAIN_SELF = YES;
				CLANG_WARN_OBJC_LITERAL_CONVERSION = YES;
				CLANG_WARN_OBJC_ROOT_CLASS = YES_ERROR;
				CLANG_WARN_QUOTED_INCLUDE_IN_FRAMEWORK_HEADER = YES;
				CLANG_WARN_RANGE_LOOP_ANALYSIS = YES;
				CLANG_WARN_STRICT_PROTOTYPES = YES;
				CLANG_WARN_SUSPICIOUS_MOVE = YES;
				CLANG_WARN_UNGUARDED_AVAILABILITY = YES_AGGRESSIVE;
				CLANG_WARN_UNREACHABLE_CODE = YES;
				CLANG_WARN__DUPLICATE_METHOD_MATCH = YES;
				COPY_PHASE_STRIP = NO;
				DEBUG_INFORMATION_FORMAT = "dwarf-with-dsym";
				ENABLE_NS_ASSERTIONS = NO;
				ENABLE_STRICT_OBJC_MSGSEND = YES;
				GCC_C_LANGUAGE_STANDARD = gnu11;
				GCC_NO_COMMON_BLOCKS = YES;
				GCC_WARN_64_TO_32_BIT_CONVERSION = YES;
				GCC_WARN_ABOUT_RETURN_TYPE = YES_ERROR;
				GCC_WARN_UNDECLARED_SELECTOR = YES;
				GCC_WARN_UNINITIALIZED_AUTOS = YES_AGGRESSIVE;
				GCC_WARN_UNUSED_FUNCTION = YES;
				GCC_WARN_UNUSED_VARIABLE = YES;
				IPHONEOS_DEPLOYMENT_TARGET = 16.4;
				MTL_ENABLE_DEBUG_INFO = NO;
				MTL_FAST_MATH = YES;
				SDKROOT = iphoneos;
				SWIFT_COMPILATION_MODE = wholemodule;
				SWIFT_OPTIMIZATION_LEVEL = "-O";
				VALIDATE_PRODUCT = YES;
			};
			name = Release;
		};
		DA80D41B2A015D6400260E00 /* Debug */ = {
			isa = XCBuildConfiguration;
			buildSettings = {
				ASSETCATALOG_COMPILER_APPICON_NAME = AppIcon;
				ASSETCATALOG_COMPILER_GLOBAL_ACCENT_COLOR_NAME = AccentColor;
				CODE_SIGN_STYLE = Automatic;
				CURRENT_PROJECT_VERSION = 1;
				DEVELOPMENT_ASSET_PATHS = "\"CarRentalService/Preview Content\"";
				ENABLE_PREVIEWS = YES;
				GENERATE_INFOPLIST_FILE = YES;
				INFOPLIST_KEY_UIApplicationSceneManifest_Generation = YES;
				INFOPLIST_KEY_UIApplicationSupportsIndirectInputEvents = YES;
				INFOPLIST_KEY_UILaunchScreen_Generation = YES;
				INFOPLIST_KEY_UISupportedInterfaceOrientations_iPad = "UIInterfaceOrientationPortrait UIInterfaceOrientationPortraitUpsideDown UIInterfaceOrientationLandscapeLeft UIInterfaceOrientationLandscapeRight";
				INFOPLIST_KEY_UISupportedInterfaceOrientations_iPhone = "UIInterfaceOrientationPortrait UIInterfaceOrientationLandscapeLeft UIInterfaceOrientationLandscapeRight";
				LD_RUNPATH_SEARCH_PATHS = (
					"$(inherited)",
					"@executable_path/Frameworks",
				);
				MARKETING_VERSION = 1.0;
				PRODUCT_BUNDLE_IDENTIFIER = "-.CarRentalService";
				PRODUCT_NAME = "$(TARGET_NAME)";
				SWIFT_EMIT_LOC_STRINGS = YES;
				SWIFT_VERSION = 5.0;
				TARGETED_DEVICE_FAMILY = "1,2";
			};
			name = Debug;
		};
		DA80D41C2A015D6400260E00 /* Release */ = {
			isa = XCBuildConfiguration;
			buildSettings = {
				ASSETCATALOG_COMPILER_APPICON_NAME = AppIcon;
				ASSETCATALOG_COMPILER_GLOBAL_ACCENT_COLOR_NAME = AccentColor;
				CODE_SIGN_STYLE = Automatic;
				CURRENT_PROJECT_VERSION = 1;
				DEVELOPMENT_ASSET_PATHS = "\"CarRentalService/Preview Content\"";
				ENABLE_PREVIEWS = YES;
				GENERATE_INFOPLIST_FILE = YES;
				INFOPLIST_KEY_UIApplicationSceneManifest_Generation = YES;
				INFOPLIST_KEY_UIApplicationSupportsIndirectInputEvents = YES;
				INFOPLIST_KEY_UILaunchScreen_Generation = YES;
				INFOPLIST_KEY_UISupportedInterfaceOrientations_iPad = "UIInterfaceOrientationPortrait UIInterfaceOrientationPortraitUpsideDown UIInterfaceOrientationLandscapeLeft UIInterfaceOrientationLandscapeRight";
				INFOPLIST_KEY_UISupportedInterfaceOrientations_iPhone = "UIInterfaceOrientationPortrait UIInterfaceOrientationLandscapeLeft UIInterfaceOrientationLandscapeRight";
				LD_RUNPATH_SEARCH_PATHS = (
					"$(inherited)",
					"@executable_path/Frameworks",
				);
				MARKETING_VERSION = 1.0;
				PRODUCT_BUNDLE_IDENTIFIER = "-.CarRentalService";
				PRODUCT_NAME = "$(TARGET_NAME)";
				SWIFT_EMIT_LOC_STRINGS = YES;
				SWIFT_VERSION = 5.0;
				TARGETED_DEVICE_FAMILY = "1,2";
			};
			name = Release;
		};
/* End XCBuildConfiguration section */

/* Begin XCConfigurationList section */
		DA80D4072A015D6200260E00 /* Build configuration list for PBXProject "CarRentalService" */ = {
			isa = XCConfigurationList;
			buildConfigurations = (
				DA80D4182A015D6400260E00 /* Debug */,
				DA80D4192A015D6400260E00 /* Release */,
			);
			defaultConfigurationIsVisible = 0;
			defaultConfigurationName = Release;
		};
		DA80D41A2A015D6400260E00 /* Build configuration list for PBXNativeTarget "CarRentalService" */ = {
			isa = XCConfigurationList;
			buildConfigurations = (
				DA80D41B2A015D6400260E00 /* Debug */,
				DA80D41C2A015D6400260E00 /* Release */,
			);
			defaultConfigurationIsVisible = 0;
			defaultConfigurationName = Release;
		};
/* End XCConfigurationList section */
	};
	rootObject = DA80D4042A015D6200260E00 /* Project object */;
}
